
Microsoft Visual Studio Solution File, Format Version 12.00
# Visual Studio 15
Project("{FAE04EC0-301F-11D3-BF4B-00C04F79EFBC}") = "CovidApi.CodeLifter.IO", "CovidApi.CodeLifter.IO\CovidApi.CodeLifter.IO.csproj", "{0D37455E-4B91-4424-A9A0-DC4AF336ACE6}"
EndProject
Project("{FAE04EC0-301F-11D3-BF4B-00C04F79EFBC}") = "CodeLifter.Covid19.Data", "CodeLifter.Covid19.Data\CodeLifter.Covid19.Data.csproj", "{DABE6BD4-A614-40A1-86D6-7B330D3605A0}"
EndProject
Project("{E53339B2-1760-4266-BCC7-CA923CBCF16C}") = "docker-compose", "docker-compose.dcproj", "{95988778-F1CB-49AE-8DBA-D0B4FA684E6F}"
EndProject
Global
	GlobalSection(SolutionConfigurationPlatforms) = preSolution
		Debug|Any CPU = Debug|Any CPU
		Release|Any CPU = Release|Any CPU
	EndGlobalSection
	GlobalSection(ProjectConfigurationPlatforms) = postSolution
		{0D37455E-4B91-4424-A9A0-DC4AF336ACE6}.Debug|Any CPU.ActiveCfg = Debug|Any CPU
		{0D37455E-4B91-4424-A9A0-DC4AF336ACE6}.Debug|Any CPU.Build.0 = Debug|Any CPU
		{0D37455E-4B91-4424-A9A0-DC4AF336ACE6}.Release|Any CPU.ActiveCfg = Release|Any CPU
		{0D37455E-4B91-4424-A9A0-DC4AF336ACE6}.Release|Any CPU.Build.0 = Release|Any CPU
		{DABE6BD4-A614-40A1-86D6-7B330D3605A0}.Debug|Any CPU.ActiveCfg = Debug|Any CPU
		{DABE6BD4-A614-40A1-86D6-7B330D3605A0}.Debug|Any CPU.Build.0 = Debug|Any CPU
		{DABE6BD4-A614-40A1-86D6-7B330D3605A0}.Release|Any CPU.ActiveCfg = Release|Any CPU
		{DABE6BD4-A614-40A1-86D6-7B330D3605A0}.Release|Any CPU.Build.0 = Release|Any CPU
		{95988778-F1CB-49AE-8DBA-D0B4FA684E6F}.Debug|Any CPU.ActiveCfg = Debug|Any CPU
		{95988778-F1CB-49AE-8DBA-D0B4FA684E6F}.Debug|Any CPU.Build.0 = Debug|Any CPU
		{95988778-F1CB-49AE-8DBA-D0B4FA684E6F}.Release|Any CPU.ActiveCfg = Release|Any CPU
		{95988778-F1CB-49AE-8DBA-D0B4FA684E6F}.Release|Any CPU.Build.0 = Release|Any CPU
	EndGlobalSection
EndGlobal
